// !$*UTF8*$!
{
	archiveVersion = 1;
	classes = {
	};
	objectVersion = 56;
	objects = {

/* Begin PBXBuildFile section */
		5E0F65AD2C1C7683004CA8E5 /* AppState.swift in Sources */ = {isa = PBXBuildFile; fileRef = 5E0F65AC2C1C7683004CA8E5 /* AppState.swift */; };
		5E0F65AF2C1C7BB6004CA8E5 /* MarkerData.swift in Sources */ = {isa = PBXBuildFile; fileRef = 5E0F65AE2C1C7BB6004CA8E5 /* MarkerData.swift */; };
		5E0F65B12C1C8A4C004CA8E5 /* cleopatra.json in Resources */ = {isa = PBXBuildFile; fileRef = 5E0F65B02C1C8A4C004CA8E5 /* cleopatra.json */; };
		5EBF39222C1360EE0078DE05 /* documentaries.json in Resources */ = {isa = PBXBuildFile; fileRef = 5EBF39212C1360EE0078DE05 /* documentaries.json */; };
		5EBF39232C1360EE0078DE05 /* documentaries.json in Resources */ = {isa = PBXBuildFile; fileRef = 5EBF39212C1360EE0078DE05 /* documentaries.json */; };
		5EBF39262C1363330078DE05 /* markers_example.json in Resources */ = {isa = PBXBuildFile; fileRef = 5EBF39252C1363330078DE05 /* markers_example.json */; };
		5EBF39272C1363330078DE05 /* markers_example.json in Resources */ = {isa = PBXBuildFile; fileRef = 5EBF39252C1363330078DE05 /* markers_example.json */; };
		5ED887D72BE945A300649820 /* DocumentaryView.swift in Sources */ = {isa = PBXBuildFile; fileRef = 5ED887D62BE945A300649820 /* DocumentaryView.swift */; };
		5ED887DA2BE9618800649820 /* RelativeSizeLayout.swift in Sources */ = {isa = PBXBuildFile; fileRef = 5ED887D92BE9618800649820 /* RelativeSizeLayout.swift */; };
		5ED887E22BE9832E00649820 /* Sphinx3D.usdz in Resources */ = {isa = PBXBuildFile; fileRef = 5ED887E12BE9832E00649820 /* Sphinx3D.usdz */; };
		5EDC4CB22BE503B30099F76D /* ContextMap.swift in Sources */ = {isa = PBXBuildFile; fileRef = 5EDC4CB12BE503B30099F76D /* ContextMap.swift */; };
		5EDC4CB42BE503BE0099F76D /* Timeline.swift in Sources */ = {isa = PBXBuildFile; fileRef = 5EDC4CB32BE503BE0099F76D /* Timeline.swift */; };
		5EDC4CB62BE503C90099F76D /* Documentary.swift in Sources */ = {isa = PBXBuildFile; fileRef = 5EDC4CB52BE503C90099F76D /* Documentary.swift */; };
		5EDC4CB82BE503D80099F76D /* Information.swift in Sources */ = {isa = PBXBuildFile; fileRef = 5EDC4CB72BE503D80099F76D /* Information.swift */; };
		5EDC4CBB2BE503F20099F76D /* ThreeDObject.swift in Sources */ = {isa = PBXBuildFile; fileRef = 5EDC4CBA2BE503F20099F76D /* ThreeDObject.swift */; };
		82D6D7DA2C25BB4C00346609 /* jfk.mp4 in Resources */ = {isa = PBXBuildFile; fileRef = 82D6D7D92C25BB4C00346609 /* jfk.mp4 */; };
		82D6D7DC2C25BB6400346609 /* cleopatra.mp4 in Resources */ = {isa = PBXBuildFile; fileRef = 82D6D7DB2C25BB6400346609 /* cleopatra.mp4 */; };
		82D6D7DE2C25BBA400346609 /* jfk.json in Resources */ = {isa = PBXBuildFile; fileRef = 82D6D7DD2C25BBA400346609 /* jfk.json */; };
		94C03FFD2BDBFDD400DB6F9F /* RealityKitContent in Frameworks */ = {isa = PBXBuildFile; productRef = 94C03FFC2BDBFDD400DB6F9F /* RealityKitContent */; };
		94C03FFF2BDBFDD400DB6F9F /* MR_ExperienceApp.swift in Sources */ = {isa = PBXBuildFile; fileRef = 94C03FFE2BDBFDD400DB6F9F /* MR_ExperienceApp.swift */; };
		94C040012BDBFDD400DB6F9F /* MediaSelectionView.swift in Sources */ = {isa = PBXBuildFile; fileRef = 94C040002BDBFDD400DB6F9F /* MediaSelectionView.swift */; };
		94C040032BDBFDD500DB6F9F /* Assets.xcassets in Resources */ = {isa = PBXBuildFile; fileRef = 94C040022BDBFDD500DB6F9F /* Assets.xcassets */; };
		94C040062BDBFDD500DB6F9F /* Preview Assets.xcassets in Resources */ = {isa = PBXBuildFile; fileRef = 94C040052BDBFDD500DB6F9F /* Preview Assets.xcassets */; };
		94C040112BDBFDD500DB6F9F /* MR_ExperienceTests.swift in Sources */ = {isa = PBXBuildFile; fileRef = 94C040102BDBFDD500DB6F9F /* MR_ExperienceTests.swift */; };
/* End PBXBuildFile section */

/* Begin PBXContainerItemProxy section */
		94C0400D2BDBFDD500DB6F9F /* PBXContainerItemProxy */ = {
			isa = PBXContainerItemProxy;
			containerPortal = 94C03FEF2BDBFDD400DB6F9F /* Project object */;
			proxyType = 1;
			remoteGlobalIDString = 94C03FF62BDBFDD400DB6F9F;
			remoteInfo = "MR-Experience";
		};
/* End PBXContainerItemProxy section */

/* Begin PBXFileReference section */
		5E0F65AC2C1C7683004CA8E5 /* AppState.swift */ = {isa = PBXFileReference; lastKnownFileType = sourcecode.swift; path = AppState.swift; sourceTree = "<group>"; };
		5E0F65AE2C1C7BB6004CA8E5 /* MarkerData.swift */ = {isa = PBXFileReference; lastKnownFileType = sourcecode.swift; path = MarkerData.swift; sourceTree = "<group>"; };
		5E0F65B02C1C8A4C004CA8E5 /* cleopatra.json */ = {isa = PBXFileReference; lastKnownFileType = text.json; path = cleopatra.json; sourceTree = "<group>"; };
		5EBF39212C1360EE0078DE05 /* documentaries.json */ = {isa = PBXFileReference; lastKnownFileType = text.json; path = documentaries.json; sourceTree = "<group>"; };
		5EBF39252C1363330078DE05 /* markers_example.json */ = {isa = PBXFileReference; lastKnownFileType = text.json; path = markers_example.json; sourceTree = "<group>"; };
		5ED887D62BE945A300649820 /* DocumentaryView.swift */ = {isa = PBXFileReference; lastKnownFileType = sourcecode.swift; path = DocumentaryView.swift; sourceTree = "<group>"; };
		5ED887D92BE9618800649820 /* RelativeSizeLayout.swift */ = {isa = PBXFileReference; lastKnownFileType = sourcecode.swift; path = RelativeSizeLayout.swift; sourceTree = "<group>"; };
		5ED887E12BE9832E00649820 /* Sphinx3D.usdz */ = {isa = PBXFileReference; lastKnownFileType = file.usdz; path = Sphinx3D.usdz; sourceTree = "<group>"; };
		5EDC4CB12BE503B30099F76D /* ContextMap.swift */ = {isa = PBXFileReference; lastKnownFileType = sourcecode.swift; path = ContextMap.swift; sourceTree = "<group>"; };
		5EDC4CB32BE503BE0099F76D /* Timeline.swift */ = {isa = PBXFileReference; lastKnownFileType = sourcecode.swift; path = Timeline.swift; sourceTree = "<group>"; };
		5EDC4CB52BE503C90099F76D /* Documentary.swift */ = {isa = PBXFileReference; lastKnownFileType = sourcecode.swift; path = Documentary.swift; sourceTree = "<group>"; };
		5EDC4CB72BE503D80099F76D /* Information.swift */ = {isa = PBXFileReference; lastKnownFileType = sourcecode.swift; path = Information.swift; sourceTree = "<group>"; };
		5EDC4CBA2BE503F20099F76D /* ThreeDObject.swift */ = {isa = PBXFileReference; lastKnownFileType = sourcecode.swift; path = ThreeDObject.swift; sourceTree = "<group>"; };
		82D6D7D92C25BB4C00346609 /* jfk.mp4 */ = {isa = PBXFileReference; lastKnownFileType = file; path = jfk.mp4; sourceTree = "<group>"; };
		82D6D7DB2C25BB6400346609 /* cleopatra.mp4 */ = {isa = PBXFileReference; lastKnownFileType = file; path = cleopatra.mp4; sourceTree = "<group>"; };
		82D6D7DD2C25BBA400346609 /* jfk.json */ = {isa = PBXFileReference; fileEncoding = 4; lastKnownFileType = text.json; path = jfk.json; sourceTree = "<group>"; };
		94C03FF72BDBFDD400DB6F9F /* MR-Experience.app */ = {isa = PBXFileReference; explicitFileType = wrapper.application; includeInIndex = 0; path = "MR-Experience.app"; sourceTree = BUILT_PRODUCTS_DIR; };
		94C03FFB2BDBFDD400DB6F9F /* RealityKitContent */ = {isa = PBXFileReference; lastKnownFileType = wrapper; path = RealityKitContent; sourceTree = "<group>"; };
		94C03FFE2BDBFDD400DB6F9F /* MR_ExperienceApp.swift */ = {isa = PBXFileReference; lastKnownFileType = sourcecode.swift; path = MR_ExperienceApp.swift; sourceTree = "<group>"; };
		94C040002BDBFDD400DB6F9F /* MediaSelectionView.swift */ = {isa = PBXFileReference; lastKnownFileType = sourcecode.swift; path = MediaSelectionView.swift; sourceTree = "<group>"; };
		94C040022BDBFDD500DB6F9F /* Assets.xcassets */ = {isa = PBXFileReference; lastKnownFileType = folder.assetcatalog; path = Assets.xcassets; sourceTree = "<group>"; };
		94C040052BDBFDD500DB6F9F /* Preview Assets.xcassets */ = {isa = PBXFileReference; lastKnownFileType = folder.assetcatalog; path = "Preview Assets.xcassets"; sourceTree = "<group>"; };
		94C040072BDBFDD500DB6F9F /* Info.plist */ = {isa = PBXFileReference; lastKnownFileType = text.plist.xml; path = Info.plist; sourceTree = "<group>"; };
		94C0400C2BDBFDD500DB6F9F /* MR-ExperienceTests.xctest */ = {isa = PBXFileReference; explicitFileType = wrapper.cfbundle; includeInIndex = 0; path = "MR-ExperienceTests.xctest"; sourceTree = BUILT_PRODUCTS_DIR; };
		94C040102BDBFDD500DB6F9F /* MR_ExperienceTests.swift */ = {isa = PBXFileReference; lastKnownFileType = sourcecode.swift; path = MR_ExperienceTests.swift; sourceTree = "<group>"; };
/* End PBXFileReference section */

/* Begin PBXFrameworksBuildPhase section */
		94C03FF42BDBFDD400DB6F9F /* Frameworks */ = {
			isa = PBXFrameworksBuildPhase;
			buildActionMask = 2147483647;
			files = (
				94C03FFD2BDBFDD400DB6F9F /* RealityKitContent in Frameworks */,
			);
			runOnlyForDeploymentPostprocessing = 0;
		};
		94C040092BDBFDD500DB6F9F /* Frameworks */ = {
			isa = PBXFrameworksBuildPhase;
			buildActionMask = 2147483647;
			files = (
			);
			runOnlyForDeploymentPostprocessing = 0;
		};
/* End PBXFrameworksBuildPhase section */

/* Begin PBXGroup section */
		5EBF391D2C1355140078DE05 /* Documentaries */ = {
			isa = PBXGroup;
			children = (
				82D6D7D82C25BB3600346609 /* JFK Assassination */,
				5EBF39242C1363150078DE05 /* Cleopatra */,
				5EBF39212C1360EE0078DE05 /* documentaries.json */,
				5EBF39252C1363330078DE05 /* markers_example.json */,
			);
			path = Documentaries;
			sourceTree = "<group>";
		};
		5EBF39242C1363150078DE05 /* Cleopatra */ = {
			isa = PBXGroup;
			children = (
				82D6D7DB2C25BB6400346609 /* cleopatra.mp4 */,
				5E0F65B02C1C8A4C004CA8E5 /* cleopatra.json */,
			);
			path = Cleopatra;
			sourceTree = "<group>";
		};
		5ED887D82BE945AC00649820 /* DocumentaryViewElements */ = {
			isa = PBXGroup;
			children = (
				5EDC4CB12BE503B30099F76D /* ContextMap.swift */,
				5EDC4CB32BE503BE0099F76D /* Timeline.swift */,
				5EDC4CB52BE503C90099F76D /* Documentary.swift */,
				5EDC4CB72BE503D80099F76D /* Information.swift */,
				5EDC4CBA2BE503F20099F76D /* ThreeDObject.swift */,
			);
			path = DocumentaryViewElements;
			sourceTree = "<group>";
		};
		5EDC4CAE2BE5009F0099F76D /* Models */ = {
			isa = PBXGroup;
			children = (
				5E0F65AC2C1C7683004CA8E5 /* AppState.swift */,
				5E0F65AE2C1C7BB6004CA8E5 /* MarkerData.swift */,
			);
			path = Models;
			sourceTree = "<group>";
		};
		5EDC4CAF2BE500A40099F76D /* Views */ = {
			isa = PBXGroup;
			children = (
				5ED887D62BE945A300649820 /* DocumentaryView.swift */,
				94C040002BDBFDD400DB6F9F /* MediaSelectionView.swift */,
				5ED887D82BE945AC00649820 /* DocumentaryViewElements */,
			);
			path = Views;
			sourceTree = "<group>";
		};
		5EDC4CB02BE500AA0099F76D /* Controllers */ = {
			isa = PBXGroup;
			children = (
				5ED887D92BE9618800649820 /* RelativeSizeLayout.swift */,
			);
			path = Controllers;
			sourceTree = "<group>";
		};
		82D6D7D82C25BB3600346609 /* JFK Assassination */ = {
			isa = PBXGroup;
			children = (
				82D6D7DD2C25BBA400346609 /* jfk.json */,
				82D6D7D92C25BB4C00346609 /* jfk.mp4 */,
			);
			path = "JFK Assassination";
			sourceTree = "<group>";
		};
		94C03FEE2BDBFDD400DB6F9F = {
			isa = PBXGroup;
			children = (
				5ED887E12BE9832E00649820 /* Sphinx3D.usdz */,
				94C03FF92BDBFDD400DB6F9F /* MR-Experience */,
				94C03FFA2BDBFDD400DB6F9F /* Packages */,
				94C0400F2BDBFDD500DB6F9F /* MR-ExperienceTests */,
				94C03FF82BDBFDD400DB6F9F /* Products */,
			);
			sourceTree = "<group>";
		};
		94C03FF82BDBFDD400DB6F9F /* Products */ = {
			isa = PBXGroup;
			children = (
				94C03FF72BDBFDD400DB6F9F /* MR-Experience.app */,
				94C0400C2BDBFDD500DB6F9F /* MR-ExperienceTests.xctest */,
			);
			name = Products;
			sourceTree = "<group>";
		};
		94C03FF92BDBFDD400DB6F9F /* MR-Experience */ = {
			isa = PBXGroup;
			children = (
				5EBF391D2C1355140078DE05 /* Documentaries */,
				94C03FFE2BDBFDD400DB6F9F /* MR_ExperienceApp.swift */,
				5EDC4CB02BE500AA0099F76D /* Controllers */,
				5EDC4CAF2BE500A40099F76D /* Views */,
				5EDC4CAE2BE5009F0099F76D /* Models */,
				94C040022BDBFDD500DB6F9F /* Assets.xcassets */,
				94C040072BDBFDD500DB6F9F /* Info.plist */,
				94C040042BDBFDD500DB6F9F /* Preview Content */,
			);
			path = "MR-Experience";
			sourceTree = "<group>";
		};
		94C03FFA2BDBFDD400DB6F9F /* Packages */ = {
			isa = PBXGroup;
			children = (
				94C03FFB2BDBFDD400DB6F9F /* RealityKitContent */,
			);
			path = Packages;
			sourceTree = "<group>";
		};
		94C040042BDBFDD500DB6F9F /* Preview Content */ = {
			isa = PBXGroup;
			children = (
				94C040052BDBFDD500DB6F9F /* Preview Assets.xcassets */,
			);
			path = "Preview Content";
			sourceTree = "<group>";
		};
		94C0400F2BDBFDD500DB6F9F /* MR-ExperienceTests */ = {
			isa = PBXGroup;
			children = (
				94C040102BDBFDD500DB6F9F /* MR_ExperienceTests.swift */,
			);
			path = "MR-ExperienceTests";
			sourceTree = "<group>";
		};
/* End PBXGroup section */

/* Begin PBXNativeTarget section */
		94C03FF62BDBFDD400DB6F9F /* MR-Experience */ = {
			isa = PBXNativeTarget;
			buildConfigurationList = 94C040142BDBFDD500DB6F9F /* Build configuration list for PBXNativeTarget "MR-Experience" */;
			buildPhases = (
				94C03FF32BDBFDD400DB6F9F /* Sources */,
				94C03FF42BDBFDD400DB6F9F /* Frameworks */,
				94C03FF52BDBFDD400DB6F9F /* Resources */,
			);
			buildRules = (
			);
			dependencies = (
			);
			name = "MR-Experience";
			packageProductDependencies = (
				94C03FFC2BDBFDD400DB6F9F /* RealityKitContent */,
			);
			productName = "MR-Experience";
			productReference = 94C03FF72BDBFDD400DB6F9F /* MR-Experience.app */;
			productType = "com.apple.product-type.application";
		};
		94C0400B2BDBFDD500DB6F9F /* MR-ExperienceTests */ = {
			isa = PBXNativeTarget;
			buildConfigurationList = 94C040172BDBFDD500DB6F9F /* Build configuration list for PBXNativeTarget "MR-ExperienceTests" */;
			buildPhases = (
				94C040082BDBFDD500DB6F9F /* Sources */,
				94C040092BDBFDD500DB6F9F /* Frameworks */,
				94C0400A2BDBFDD500DB6F9F /* Resources */,
			);
			buildRules = (
			);
			dependencies = (
				94C0400E2BDBFDD500DB6F9F /* PBXTargetDependency */,
			);
			name = "MR-ExperienceTests";
			productName = "MR-ExperienceTests";
			productReference = 94C0400C2BDBFDD500DB6F9F /* MR-ExperienceTests.xctest */;
			productType = "com.apple.product-type.bundle.unit-test";
		};
/* End PBXNativeTarget section */

/* Begin PBXProject section */
		94C03FEF2BDBFDD400DB6F9F /* Project object */ = {
			isa = PBXProject;
			attributes = {
				BuildIndependentTargetsInParallel = 1;
				LastSwiftUpdateCheck = 1530;
				LastUpgradeCheck = 1530;
				TargetAttributes = {
					94C03FF62BDBFDD400DB6F9F = {
						CreatedOnToolsVersion = 15.3;
					};
					94C0400B2BDBFDD500DB6F9F = {
						CreatedOnToolsVersion = 15.3;
						TestTargetID = 94C03FF62BDBFDD400DB6F9F;
					};
				};
			};
			buildConfigurationList = 94C03FF22BDBFDD400DB6F9F /* Build configuration list for PBXProject "MR-Experience" */;
			compatibilityVersion = "Xcode 14.0";
			developmentRegion = en;
			hasScannedForEncodings = 0;
			knownRegions = (
				en,
				Base,
			);
			mainGroup = 94C03FEE2BDBFDD400DB6F9F;
			productRefGroup = 94C03FF82BDBFDD400DB6F9F /* Products */;
			projectDirPath = "";
			projectRoot = "";
			targets = (
				94C03FF62BDBFDD400DB6F9F /* MR-Experience */,
				94C0400B2BDBFDD500DB6F9F /* MR-ExperienceTests */,
			);
		};
/* End PBXProject section */

/* Begin PBXResourcesBuildPhase section */
		94C03FF52BDBFDD400DB6F9F /* Resources */ = {
			isa = PBXResourcesBuildPhase;
			buildActionMask = 2147483647;
			files = (
				94C040062BDBFDD500DB6F9F /* Preview Assets.xcassets in Resources */,
				5ED887E22BE9832E00649820 /* Sphinx3D.usdz in Resources */,
				5EBF39262C1363330078DE05 /* markers_example.json in Resources */,
				94C040032BDBFDD500DB6F9F /* Assets.xcassets in Resources */,
				82D6D7DC2C25BB6400346609 /* cleopatra.mp4 in Resources */,
				5EBF39222C1360EE0078DE05 /* documentaries.json in Resources */,
				5E0F65B12C1C8A4C004CA8E5 /* cleopatra.json in Resources */,
				82D6D7DA2C25BB4C00346609 /* jfk.mp4 in Resources */,
				82D6D7DE2C25BBA400346609 /* jfk.json in Resources */,
			);
			runOnlyForDeploymentPostprocessing = 0;
		};
		94C0400A2BDBFDD500DB6F9F /* Resources */ = {
			isa = PBXResourcesBuildPhase;
			buildActionMask = 2147483647;
			files = (
				5EBF39232C1360EE0078DE05 /* documentaries.json in Resources */,
				5EBF39272C1363330078DE05 /* markers_example.json in Resources */,
			);
			runOnlyForDeploymentPostprocessing = 0;
		};
/* End PBXResourcesBuildPhase section */

/* Begin PBXSourcesBuildPhase section */
		94C03FF32BDBFDD400DB6F9F /* Sources */ = {
			isa = PBXSourcesBuildPhase;
			buildActionMask = 2147483647;
			files = (
				5EDC4CB82BE503D80099F76D /* Information.swift in Sources */,
				5E0F65AD2C1C7683004CA8E5 /* AppState.swift in Sources */,
				5EDC4CB42BE503BE0099F76D /* Timeline.swift in Sources */,
				94C040012BDBFDD400DB6F9F /* MediaSelectionView.swift in Sources */,
				5EDC4CBB2BE503F20099F76D /* ThreeDObject.swift in Sources */,
				5ED887DA2BE9618800649820 /* RelativeSizeLayout.swift in Sources */,
				5EDC4CB62BE503C90099F76D /* Documentary.swift in Sources */,
				94C03FFF2BDBFDD400DB6F9F /* MR_ExperienceApp.swift in Sources */,
				5ED887D72BE945A300649820 /* DocumentaryView.swift in Sources */,
				5EDC4CB22BE503B30099F76D /* ContextMap.swift in Sources */,
				5E0F65AF2C1C7BB6004CA8E5 /* MarkerData.swift in Sources */,
			);
			runOnlyForDeploymentPostprocessing = 0;
		};
		94C040082BDBFDD500DB6F9F /* Sources */ = {
			isa = PBXSourcesBuildPhase;
			buildActionMask = 2147483647;
			files = (
				94C040112BDBFDD500DB6F9F /* MR_ExperienceTests.swift in Sources */,
			);
			runOnlyForDeploymentPostprocessing = 0;
		};
/* End PBXSourcesBuildPhase section */

/* Begin PBXTargetDependency section */
		94C0400E2BDBFDD500DB6F9F /* PBXTargetDependency */ = {
			isa = PBXTargetDependency;
			target = 94C03FF62BDBFDD400DB6F9F /* MR-Experience */;
			targetProxy = 94C0400D2BDBFDD500DB6F9F /* PBXContainerItemProxy */;
		};
/* End PBXTargetDependency section */

/* Begin XCBuildConfiguration section */
		94C040122BDBFDD500DB6F9F /* Debug */ = {
			isa = XCBuildConfiguration;
			buildSettings = {
				ALWAYS_SEARCH_USER_PATHS = NO;
				ASSETCATALOG_COMPILER_GENERATE_SWIFT_ASSET_SYMBOL_EXTENSIONS = YES;
				CLANG_ANALYZER_NONNULL = YES;
				CLANG_ANALYZER_NUMBER_OBJECT_CONVERSION = YES_AGGRESSIVE;
				CLANG_CXX_LANGUAGE_STANDARD = "gnu++20";
				CLANG_ENABLE_MODULES = YES;
				CLANG_ENABLE_OBJC_ARC = YES;
				CLANG_ENABLE_OBJC_WEAK = YES;
				CLANG_WARN_BLOCK_CAPTURE_AUTORELEASING = YES;
				CLANG_WARN_BOOL_CONVERSION = YES;
				CLANG_WARN_COMMA = YES;
				CLANG_WARN_CONSTANT_CONVERSION = YES;
				CLANG_WARN_DEPRECATED_OBJC_IMPLEMENTATIONS = YES;
				CLANG_WARN_DIRECT_OBJC_ISA_USAGE = YES_ERROR;
				CLANG_WARN_DOCUMENTATION_COMMENTS = YES;
				CLANG_WARN_EMPTY_BODY = YES;
				CLANG_WARN_ENUM_CONVERSION = YES;
				CLANG_WARN_INFINITE_RECURSION = YES;
				CLANG_WARN_INT_CONVERSION = YES;
				CLANG_WARN_NON_LITERAL_NULL_CONVERSION = YES;
				CLANG_WARN_OBJC_IMPLICIT_RETAIN_SELF = YES;
				CLANG_WARN_OBJC_LITERAL_CONVERSION = YES;
				CLANG_WARN_OBJC_ROOT_CLASS = YES_ERROR;
				CLANG_WARN_QUOTED_INCLUDE_IN_FRAMEWORK_HEADER = YES;
				CLANG_WARN_RANGE_LOOP_ANALYSIS = YES;
				CLANG_WARN_STRICT_PROTOTYPES = YES;
				CLANG_WARN_SUSPICIOUS_MOVE = YES;
				CLANG_WARN_UNGUARDED_AVAILABILITY = YES_AGGRESSIVE;
				CLANG_WARN_UNREACHABLE_CODE = YES;
				CLANG_WARN__DUPLICATE_METHOD_MATCH = YES;
				COPY_PHASE_STRIP = NO;
				DEBUG_INFORMATION_FORMAT = dwarf;
				ENABLE_STRICT_OBJC_MSGSEND = YES;
				ENABLE_TESTABILITY = YES;
				ENABLE_USER_SCRIPT_SANDBOXING = YES;
				GCC_C_LANGUAGE_STANDARD = gnu17;
				GCC_DYNAMIC_NO_PIC = NO;
				GCC_NO_COMMON_BLOCKS = YES;
				GCC_OPTIMIZATION_LEVEL = 0;
				GCC_PREPROCESSOR_DEFINITIONS = (
					"DEBUG=1",
					"$(inherited)",
				);
				GCC_WARN_64_TO_32_BIT_CONVERSION = YES;
				GCC_WARN_ABOUT_RETURN_TYPE = YES_ERROR;
				GCC_WARN_UNDECLARED_SELECTOR = YES;
				GCC_WARN_UNINITIALIZED_AUTOS = YES_AGGRESSIVE;
				GCC_WARN_UNUSED_FUNCTION = YES;
				GCC_WARN_UNUSED_VARIABLE = YES;
				LOCALIZATION_PREFERS_STRING_CATALOGS = YES;
				MTL_ENABLE_DEBUG_INFO = INCLUDE_SOURCE;
				MTL_FAST_MATH = YES;
				ONLY_ACTIVE_ARCH = YES;
				SDKROOT = xros;
				SWIFT_ACTIVE_COMPILATION_CONDITIONS = "DEBUG $(inherited)";
				SWIFT_OPTIMIZATION_LEVEL = "-Onone";
				XROS_DEPLOYMENT_TARGET = 1.1;
			};
			name = Debug;
		};
		94C040132BDBFDD500DB6F9F /* Release */ = {
			isa = XCBuildConfiguration;
			buildSettings = {
				ALWAYS_SEARCH_USER_PATHS = NO;
				ASSETCATALOG_COMPILER_GENERATE_SWIFT_ASSET_SYMBOL_EXTENSIONS = YES;
				CLANG_ANALYZER_NONNULL = YES;
				CLANG_ANALYZER_NUMBER_OBJECT_CONVERSION = YES_AGGRESSIVE;
				CLANG_CXX_LANGUAGE_STANDARD = "gnu++20";
				CLANG_ENABLE_MODULES = YES;
				CLANG_ENABLE_OBJC_ARC = YES;
				CLANG_ENABLE_OBJC_WEAK = YES;
				CLANG_WARN_BLOCK_CAPTURE_AUTORELEASING = YES;
				CLANG_WARN_BOOL_CONVERSION = YES;
				CLANG_WARN_COMMA = YES;
				CLANG_WARN_CONSTANT_CONVERSION = YES;
				CLANG_WARN_DEPRECATED_OBJC_IMPLEMENTATIONS = YES;
				CLANG_WARN_DIRECT_OBJC_ISA_USAGE = YES_ERROR;
				CLANG_WARN_DOCUMENTATION_COMMENTS = YES;
				CLANG_WARN_EMPTY_BODY = YES;
				CLANG_WARN_ENUM_CONVERSION = YES;
				CLANG_WARN_INFINITE_RECURSION = YES;
				CLANG_WARN_INT_CONVERSION = YES;
				CLANG_WARN_NON_LITERAL_NULL_CONVERSION = YES;
				CLANG_WARN_OBJC_IMPLICIT_RETAIN_SELF = YES;
				CLANG_WARN_OBJC_LITERAL_CONVERSION = YES;
				CLANG_WARN_OBJC_ROOT_CLASS = YES_ERROR;
				CLANG_WARN_QUOTED_INCLUDE_IN_FRAMEWORK_HEADER = YES;
				CLANG_WARN_RANGE_LOOP_ANALYSIS = YES;
				CLANG_WARN_STRICT_PROTOTYPES = YES;
				CLANG_WARN_SUSPICIOUS_MOVE = YES;
				CLANG_WARN_UNGUARDED_AVAILABILITY = YES_AGGRESSIVE;
				CLANG_WARN_UNREACHABLE_CODE = YES;
				CLANG_WARN__DUPLICATE_METHOD_MATCH = YES;
				COPY_PHASE_STRIP = NO;
				DEBUG_INFORMATION_FORMAT = "dwarf-with-dsym";
				ENABLE_NS_ASSERTIONS = NO;
				ENABLE_STRICT_OBJC_MSGSEND = YES;
				ENABLE_USER_SCRIPT_SANDBOXING = YES;
				GCC_C_LANGUAGE_STANDARD = gnu17;
				GCC_NO_COMMON_BLOCKS = YES;
				GCC_WARN_64_TO_32_BIT_CONVERSION = YES;
				GCC_WARN_ABOUT_RETURN_TYPE = YES_ERROR;
				GCC_WARN_UNDECLARED_SELECTOR = YES;
				GCC_WARN_UNINITIALIZED_AUTOS = YES_AGGRESSIVE;
				GCC_WARN_UNUSED_FUNCTION = YES;
				GCC_WARN_UNUSED_VARIABLE = YES;
				LOCALIZATION_PREFERS_STRING_CATALOGS = YES;
				MTL_ENABLE_DEBUG_INFO = NO;
				MTL_FAST_MATH = YES;
				SDKROOT = xros;
				SWIFT_COMPILATION_MODE = wholemodule;
				VALIDATE_PRODUCT = YES;
				XROS_DEPLOYMENT_TARGET = 1.1;
			};
			name = Release;
		};
		94C040152BDBFDD500DB6F9F /* Debug */ = {
			isa = XCBuildConfiguration;
			buildSettings = {
				ASSETCATALOG_COMPILER_APPICON_NAME = AppIcon;
				ASSETCATALOG_COMPILER_GLOBAL_ACCENT_COLOR_NAME = AccentColor;
				CODE_SIGN_STYLE = Automatic;
				CURRENT_PROJECT_VERSION = 1;
				DEVELOPMENT_ASSET_PATHS = "\"MR-Experience/Preview Content\"";
				DEVELOPMENT_TEAM = C8S84CAVNS;
				ENABLE_PREVIEWS = YES;
				GENERATE_INFOPLIST_FILE = YES;
				INFOPLIST_FILE = "$(TARGET_NAME)/Info.plist";
				LD_RUNPATH_SEARCH_PATHS = (
					"$(inherited)",
					"@executable_path/Frameworks",
				);
				MARKETING_VERSION = 1.0;
				PRODUCT_BUNDLE_IDENTIFIER = "com.example.MR-Experience";
				PRODUCT_NAME = "$(TARGET_NAME)";
				SUPPORTED_PLATFORMS = "xros xrsimulator";
				SWIFT_EMIT_LOC_STRINGS = YES;
				SWIFT_VERSION = 5.0;
				TARGETED_DEVICE_FAMILY = "1,2,7";
				XROS_DEPLOYMENT_TARGET = 1.0;
			};
			name = Debug;
		};
		94C040162BDBFDD500DB6F9F /* Release */ = {
			isa = XCBuildConfiguration;
			buildSettings = {
				ASSETCATALOG_COMPILER_APPICON_NAME = AppIcon;
				ASSETCATALOG_COMPILER_GLOBAL_ACCENT_COLOR_NAME = AccentColor;
				CODE_SIGN_STYLE = Automatic;
				CURRENT_PROJECT_VERSION = 1;
				DEVELOPMENT_ASSET_PATHS = "\"MR-Experience/Preview Content\"";
				DEVELOPMENT_TEAM = C8S84CAVNS;
				ENABLE_PREVIEWS = YES;
				GENERATE_INFOPLIST_FILE = YES;
				INFOPLIST_FILE = "$(TARGET_NAME)/Info.plist";
				LD_RUNPATH_SEARCH_PATHS = (
					"$(inherited)",
					"@executable_path/Frameworks",
				);
				MARKETING_VERSION = 1.0;
				PRODUCT_BUNDLE_IDENTIFIER = "com.example.MR-Experience";
				PRODUCT_NAME = "$(TARGET_NAME)";
				SUPPORTED_PLATFORMS = "xros xrsimulator";
				SWIFT_EMIT_LOC_STRINGS = YES;
				SWIFT_VERSION = 5.0;
				TARGETED_DEVICE_FAMILY = "1,2,7";
				XROS_DEPLOYMENT_TARGET = 1.0;
			};
			name = Release;
		};
		94C040182BDBFDD500DB6F9F /* Debug */ = {
			isa = XCBuildConfiguration;
			buildSettings = {
				ALWAYS_EMBED_SWIFT_STANDARD_LIBRARIES = YES;
				BUNDLE_LOADER = "$(TEST_HOST)";
				CODE_SIGN_STYLE = Automatic;
				CURRENT_PROJECT_VERSION = 1;
				GENERATE_INFOPLIST_FILE = YES;
				MARKETING_VERSION = 1.0;
				PRODUCT_BUNDLE_IDENTIFIER = "com.example.MR-ExperienceTests";
				PRODUCT_NAME = "$(TARGET_NAME)";
				SUPPORTED_PLATFORMS = "xros xrsimulator";
				SWIFT_EMIT_LOC_STRINGS = NO;
				SWIFT_VERSION = 5.0;
				TARGETED_DEVICE_FAMILY = "1,2,7";
				TEST_HOST = "$(BUILT_PRODUCTS_DIR)/MR-Experience.app/$(BUNDLE_EXECUTABLE_FOLDER_PATH)/MR-Experience";
				XROS_DEPLOYMENT_TARGET = 1.1;
			};
			name = Debug;
		};
		94C040192BDBFDD500DB6F9F /* Release */ = {
			isa = XCBuildConfiguration;
			buildSettings = {
				ALWAYS_EMBED_SWIFT_STANDARD_LIBRARIES = YES;
				BUNDLE_LOADER = "$(TEST_HOST)";
				CODE_SIGN_STYLE = Automatic;
				CURRENT_PROJECT_VERSION = 1;
				GENERATE_INFOPLIST_FILE = YES;
				MARKETING_VERSION = 1.0;
				PRODUCT_BUNDLE_IDENTIFIER = "com.example.MR-ExperienceTests";
				PRODUCT_NAME = "$(TARGET_NAME)";
				SUPPORTED_PLATFORMS = "xros xrsimulator";
				SWIFT_EMIT_LOC_STRINGS = NO;
				SWIFT_VERSION = 5.0;
				TARGETED_DEVICE_FAMILY = "1,2,7";
				TEST_HOST = "$(BUILT_PRODUCTS_DIR)/MR-Experience.app/$(BUNDLE_EXECUTABLE_FOLDER_PATH)/MR-Experience";
				XROS_DEPLOYMENT_TARGET = 1.1;
			};
			name = Release;
		};
/* End XCBuildConfiguration section */

/* Begin XCConfigurationList section */
		94C03FF22BDBFDD400DB6F9F /* Build configuration list for PBXProject "MR-Experience" */ = {
			isa = XCConfigurationList;
			buildConfigurations = (
				94C040122BDBFDD500DB6F9F /* Debug */,
				94C040132BDBFDD500DB6F9F /* Release */,
			);
			defaultConfigurationIsVisible = 0;
			defaultConfigurationName = Release;
		};
		94C040142BDBFDD500DB6F9F /* Build configuration list for PBXNativeTarget "MR-Experience" */ = {
			isa = XCConfigurationList;
			buildConfigurations = (
				94C040152BDBFDD500DB6F9F /* Debug */,
				94C040162BDBFDD500DB6F9F /* Release */,
			);
			defaultConfigurationIsVisible = 0;
			defaultConfigurationName = Release;
		};
		94C040172BDBFDD500DB6F9F /* Build configuration list for PBXNativeTarget "MR-ExperienceTests" */ = {
			isa = XCConfigurationList;
			buildConfigurations = (
				94C040182BDBFDD500DB6F9F /* Debug */,
				94C040192BDBFDD500DB6F9F /* Release */,
			);
			defaultConfigurationIsVisible = 0;
			defaultConfigurationName = Release;
		};
/* End XCConfigurationList section */

/* Begin XCSwiftPackageProductDependency section */
		94C03FFC2BDBFDD400DB6F9F /* RealityKitContent */ = {
			isa = XCSwiftPackageProductDependency;
			productName = RealityKitContent;
		};
/* End XCSwiftPackageProductDependency section */
	};
	rootObject = 94C03FEF2BDBFDD400DB6F9F /* Project object */;
}
